
Microsoft Visual Studio Solution File, Format Version 12.00
# Visual Studio Version 17
VisualStudioVersion = 17.5.33627.172
MinimumVisualStudioVersion = 10.0.40219.1
Project("{2150E333-8FDC-42A3-9474-1A3956D46DE8}") = "src", "src", "{CB05489F-E393-4444-BF43-2E9C158F32AF}"
EndProject
Project("{9A19103F-16F7-4668-BE54-9A1E7A4F7556}") = "Endpoint", "src\Endpoint\Endpoint.csproj", "{6CF6BB79-5CAB-4054-8239-9679F770D71A}"
EndProject
Project("{9A19103F-16F7-4668-BE54-9A1E7A4F7556}") = "Domain", "src\Domain\Domain.csproj", "{8B73DEE0-B387-485C-AFE9-85E85EFA91FE}"
EndProject
Project("{9A19103F-16F7-4668-BE54-9A1E7A4F7556}") = "Application", "src\Application\Application.csproj", "{A6EFD98D-3CA5-48B5-9269-1500A87F6A1A}"
EndProject
Project("{9A19103F-16F7-4668-BE54-9A1E7A4F7556}") = "Persistence", "src\Persistence\Persistence.csproj", "{08CB0762-121B-4109-95BE-08F7C0DCDC78}"
EndProject
Global
	GlobalSection(SolutionConfigurationPlatforms) = preSolution
		Debug|Any CPU = Debug|Any CPU
		Release|Any CPU = Release|Any CPU
	EndGlobalSection
	GlobalSection(ProjectConfigurationPlatforms) = postSolution
		{6CF6BB79-5CAB-4054-8239-9679F770D71A}.Debug|Any CPU.ActiveCfg = Debug|Any CPU
		{6CF6BB79-5CAB-4054-8239-9679F770D71A}.Debug|Any CPU.Build.0 = Debug|Any CPU
		{6CF6BB79-5CAB-4054-8239-9679F770D71A}.Release|Any CPU.ActiveCfg = Release|Any CPU
		{6CF6BB79-5CAB-4054-8239-9679F770D71A}.Release|Any CPU.Build.0 = Release|Any CPU
		{8B73DEE0-B387-485C-AFE9-85E85EFA91FE}.Debug|Any CPU.ActiveCfg = Debug|Any CPU
		{8B73DEE0-B387-485C-AFE9-85E85EFA91FE}.Debug|Any CPU.Build.0 = Debug|Any CPU
		{8B73DEE0-B387-485C-AFE9-85E85EFA91FE}.Release|Any CPU.ActiveCfg = Release|Any CPU
		{8B73DEE0-B387-485C-AFE9-85E85EFA91FE}.Release|Any CPU.Build.0 = Release|Any CPU
		{A6EFD98D-3CA5-48B5-9269-1500A87F6A1A}.Debug|Any CPU.ActiveCfg = Debug|Any CPU
		{A6EFD98D-3CA5-48B5-9269-1500A87F6A1A}.Debug|Any CPU.Build.0 = Debug|Any CPU
		{A6EFD98D-3CA5-48B5-9269-1500A87F6A1A}.Release|Any CPU.ActiveCfg = Release|Any CPU
		{A6EFD98D-3CA5-48B5-9269-1500A87F6A1A}.Release|Any CPU.Build.0 = Release|Any CPU
		{08CB0762-121B-4109-95BE-08F7C0DCDC78}.Debug|Any CPU.ActiveCfg = Debug|Any CPU
		{08CB0762-121B-4109-95BE-08F7C0DCDC78}.Debug|Any CPU.Build.0 = Debug|Any CPU
		{08CB0762-121B-4109-95BE-08F7C0DCDC78}.Release|Any CPU.ActiveCfg = Release|Any CPU
		{08CB0762-121B-4109-95BE-08F7C0DCDC78}.Release|Any CPU.Build.0 = Release|Any CPU
	EndGlobalSection
	GlobalSection(SolutionProperties) = preSolution
		HideSolutionNode = FALSE
	EndGlobalSection
	GlobalSection(NestedProjects) = preSolution
		{6CF6BB79-5CAB-4054-8239-9679F770D71A} = {CB05489F-E393-4444-BF43-2E9C158F32AF}
		{8B73DEE0-B387-485C-AFE9-85E85EFA91FE} = {CB05489F-E393-4444-BF43-2E9C158F32AF}
		{A6EFD98D-3CA5-48B5-9269-1500A87F6A1A} = {CB05489F-E393-4444-BF43-2E9C158F32AF}
		{08CB0762-121B-4109-95BE-08F7C0DCDC78} = {CB05489F-E393-4444-BF43-2E9C158F32AF}
	EndGlobalSection
	GlobalSection(ExtensibilityGlobals) = postSolution
		SolutionGuid = {EC4D71B4-97AA-4867-91CB-28EF166C8606}
	EndGlobalSection
EndGlobal
