
Microsoft Visual Studio Solution File, Format Version 12.00
# Visual Studio Version 17
VisualStudioVersion = 17.5.002.0
MinimumVisualStudioVersion = 10.0.40219.1
Project("{9A19103F-16F7-4668-BE54-9A1E7A4F7556}") = "Application", "Application\Application.csproj", "{8A4BE325-DCC3-47C5-B28B-9619795F0502}"
EndProject
Project("{9A19103F-16F7-4668-BE54-9A1E7A4F7556}") = "Domain", "Domain\Domain.csproj", "{B30299CF-9172-4517-89A5-36AF402E2354}"
EndProject
Project("{9A19103F-16F7-4668-BE54-9A1E7A4F7556}") = "Endpoint", "Endpoint\Endpoint.csproj", "{ED39AF04-9C92-4027-8C23-AFD2D4CFA3CD}"
EndProject
Project("{9A19103F-16F7-4668-BE54-9A1E7A4F7556}") = "Infrastructure", "Infrastructure\Infrastructure.csproj", "{F973E40A-D2AA-496E-BFDD-CF6E892DBCE7}"
EndProject
Project("{9A19103F-16F7-4668-BE54-9A1E7A4F7556}") = "Persistence", "Persistence\Persistence.csproj", "{36557BE4-43B8-4286-BEFE-2ABA2224087C}"
EndProject
Global
	GlobalSection(SolutionConfigurationPlatforms) = preSolution
		Debug|Any CPU = Debug|Any CPU
		Release|Any CPU = Release|Any CPU
	EndGlobalSection
	GlobalSection(ProjectConfigurationPlatforms) = postSolution
		{8A4BE325-DCC3-47C5-B28B-9619795F0502}.Debug|Any CPU.ActiveCfg = Debug|Any CPU
		{8A4BE325-DCC3-47C5-B28B-9619795F0502}.Debug|Any CPU.Build.0 = Debug|Any CPU
		{8A4BE325-DCC3-47C5-B28B-9619795F0502}.Release|Any CPU.ActiveCfg = Release|Any CPU
		{8A4BE325-DCC3-47C5-B28B-9619795F0502}.Release|Any CPU.Build.0 = Release|Any CPU
		{B30299CF-9172-4517-89A5-36AF402E2354}.Debug|Any CPU.ActiveCfg = Debug|Any CPU
		{B30299CF-9172-4517-89A5-36AF402E2354}.Debug|Any CPU.Build.0 = Debug|Any CPU
		{B30299CF-9172-4517-89A5-36AF402E2354}.Release|Any CPU.ActiveCfg = Release|Any CPU
		{B30299CF-9172-4517-89A5-36AF402E2354}.Release|Any CPU.Build.0 = Release|Any CPU
		{ED39AF04-9C92-4027-8C23-AFD2D4CFA3CD}.Debug|Any CPU.ActiveCfg = Debug|Any CPU
		{ED39AF04-9C92-4027-8C23-AFD2D4CFA3CD}.Debug|Any CPU.Build.0 = Debug|Any CPU
		{ED39AF04-9C92-4027-8C23-AFD2D4CFA3CD}.Release|Any CPU.ActiveCfg = Release|Any CPU
		{ED39AF04-9C92-4027-8C23-AFD2D4CFA3CD}.Release|Any CPU.Build.0 = Release|Any CPU
		{F973E40A-D2AA-496E-BFDD-CF6E892DBCE7}.Debug|Any CPU.ActiveCfg = Debug|Any CPU
		{F973E40A-D2AA-496E-BFDD-CF6E892DBCE7}.Debug|Any CPU.Build.0 = Debug|Any CPU
		{F973E40A-D2AA-496E-BFDD-CF6E892DBCE7}.Release|Any CPU.ActiveCfg = Release|Any CPU
		{F973E40A-D2AA-496E-BFDD-CF6E892DBCE7}.Release|Any CPU.Build.0 = Release|Any CPU
		{36557BE4-43B8-4286-BEFE-2ABA2224087C}.Debug|Any CPU.ActiveCfg = Debug|Any CPU
		{36557BE4-43B8-4286-BEFE-2ABA2224087C}.Debug|Any CPU.Build.0 = Debug|Any CPU
		{36557BE4-43B8-4286-BEFE-2ABA2224087C}.Release|Any CPU.ActiveCfg = Release|Any CPU
		{36557BE4-43B8-4286-BEFE-2ABA2224087C}.Release|Any CPU.Build.0 = Release|Any CPU
	EndGlobalSection
	GlobalSection(SolutionProperties) = preSolution
		HideSolutionNode = FALSE
	EndGlobalSection
	GlobalSection(ExtensibilityGlobals) = postSolution
		SolutionGuid = {B2978020-BED8-4AF4-B386-4C4FD53641DF}
	EndGlobalSection
EndGlobal
